
Microsoft Visual Studio Solution File, Format Version 12.00
# Visual Studio Version 17
VisualStudioVersion = 17.0.32014.148
MinimumVisualStudioVersion = 10.0.40219.1
Project("{FAE04EC0-301F-11D3-BF4B-00C04F79EFBC}") = "BetterDisarm", "BetterDisarm\BetterDisarm.csproj", "{97DD919F-B3F1-43AB-84CE-3C89FA79C2C0}"
EndProject
Global
	GlobalSection(SolutionConfigurationPlatforms) = preSolution
		Debug|Any CPU = Debug|Any CPU
		Release|Any CPU = Release|Any CPU
	EndGlobalSection
	GlobalSection(ProjectConfigurationPlatforms) = postSolution
		{97DD919F-B3F1-43AB-84CE-3C89FA79C2C0}.Debug|Any CPU.ActiveCfg = Debug|Any CPU
		{97DD919F-B3F1-43AB-84CE-3C89FA79C2C0}.Debug|Any CPU.Build.0 = Debug|Any CPU
		{97DD919F-B3F1-43AB-84CE-3C89FA79C2C0}.Release|Any CPU.ActiveCfg = Release|Any CPU
		{97DD919F-B3F1-43AB-84CE-3C89FA79C2C0}.Release|Any CPU.Build.0 = Release|Any CPU
	EndGlobalSection
	GlobalSection(SolutionProperties) = preSolution
		HideSolutionNode = FALSE
	EndGlobalSection
	GlobalSection(ExtensibilityGlobals) = postSolution
		SolutionGuid = {BFD2FD6F-6AB1-4E1D-B2B8-55732DEED72C}
	EndGlobalSection
EndGlobal
